<?xml version="1.0" encoding="utf-8"?>
<Project ToolsVersion="4.0" xmlns="http://schemas.microsoft.com/developer/msbuild/2003">
  <ItemGroup>
    <ClCompile Include="example1.cpp" />
    <ClCompile Include="Janela.hpp">
      <Filter>Header Files</Filter>
    </ClCompile>
    <ClCompile Include="Janela.cpp">
      <Filter>Source Files</Filter>
    </ClCompile>
  </ItemGroup>
  <ItemGroup>
    <Filter Include="Header Files">
      <UniqueIdentifier>{e1d23fa3-ef23-426a-aa85-b8349ae080e0}</UniqueIdentifier>
      <Extensions>.hpp</Extensions>
    </Filter>
    <Filter Include="Source Files">
      <UniqueIdentifier>{17f6a60d-ab2a-48b7-be2c-e2b2339477a1}</UniqueIdentifier>
    </Filter>
  </ItemGroup>
</Project>